{
  "object": {
    "pins": [
      {
        "package": "BigInt",
        "repositoryURL": "https://github.com/leif-ibsen/BigInt",
        "state": {
          "branch": null,
          "revision": "98d27eaeb714b1f072750cd4bc91cb0d3ec27c3e",
          "version": "1.2.11"
        }
      }
    ]
  },
  "version": 1
}
